
Microsoft Visual Studio Solution File, Format Version 12.00
# Visual Studio 2013
VisualStudioVersion = 12.0.31101.0
MinimumVisualStudioVersion = 10.0.40219.1
Project("{FAE04EC0-301F-11D3-BF4B-00C04F79EFBC}") = "ConsoleApplication_1", "ConsoleApplication_1\ConsoleApplication_1.csproj", "{EDD2D1B6-45CD-4152-99C4-FD8566153AC1}"
EndProject
Global
	GlobalSection(SolutionConfigurationPlatforms) = preSolution
		Debug|Any CPU = Debug|Any CPU
		Release|Any CPU = Release|Any CPU
	EndGlobalSection
	GlobalSection(ProjectConfigurationPlatforms) = postSolution
		{EDD2D1B6-45CD-4152-99C4-FD8566153AC1}.Debug|Any CPU.ActiveCfg = Debug|Any CPU
		{EDD2D1B6-45CD-4152-99C4-FD8566153AC1}.Debug|Any CPU.Build.0 = Debug|Any CPU
		{EDD2D1B6-45CD-4152-99C4-FD8566153AC1}.Release|Any CPU.ActiveCfg = Release|Any CPU
		{EDD2D1B6-45CD-4152-99C4-FD8566153AC1}.Release|Any CPU.Build.0 = Release|Any CPU
	EndGlobalSection
	GlobalSection(SolutionProperties) = preSolution
		HideSolutionNode = FALSE
	EndGlobalSection
EndGlobal
